// !$*UTF8*$!
{
	archiveVersion = 1;
	classes = {
	};
	objectVersion = 46;
	objects = {

/* Begin PBXBuildFile section */
		330ADA681F0DBEA4000FB584 /* AppDelegate.swift in Sources */ = {isa = PBXBuildFile; fileRef = 330ADA671F0DBEA4000FB584 /* AppDelegate.swift */; };
		330ADA6A1F0DBEA4000FB584 /* ViewController.swift in Sources */ = {isa = PBXBuildFile; fileRef = 330ADA691F0DBEA4000FB584 /* ViewController.swift */; };
		330ADA6D1F0DBEA4000FB584 /* Main.storyboard in Resources */ = {isa = PBXBuildFile; fileRef = 330ADA6B1F0DBEA4000FB584 /* Main.storyboard */; };
		330ADA701F0DBEA4000FB584 /* CarCrashComedy.xcdatamodeld in Sources */ = {isa = PBXBuildFile; fileRef = 330ADA6E1F0DBEA4000FB584 /* CarCrashComedy.xcdatamodeld */; };
		330ADA721F0DBEA4000FB584 /* Assets.xcassets in Resources */ = {isa = PBXBuildFile; fileRef = 330ADA711F0DBEA4000FB584 /* Assets.xcassets */; };
		330ADA751F0DBEA4000FB584 /* LaunchScreen.storyboard in Resources */ = {isa = PBXBuildFile; fileRef = 330ADA731F0DBEA4000FB584 /* LaunchScreen.storyboard */; };
		330ADA801F0DBEA4000FB584 /* CarCrashComedyTests.swift in Sources */ = {isa = PBXBuildFile; fileRef = 330ADA7F1F0DBEA4000FB584 /* CarCrashComedyTests.swift */; };
		330ADA8B1F0DBEA4000FB584 /* CarCrashComedyUITests.swift in Sources */ = {isa = PBXBuildFile; fileRef = 330ADA8A1F0DBEA4000FB584 /* CarCrashComedyUITests.swift */; };
		330ADA991F0DBF5F000FB584 /* car_crash.wav in Resources */ = {isa = PBXBuildFile; fileRef = 330ADA981F0DBF5F000FB584 /* car_crash.wav */; };
		3320658C1FEF4D8800872A80 /* o&alogo.png in Resources */ = {isa = PBXBuildFile; fileRef = 3320658B1FEF4D8800872A80 /* o&alogo.png */; };
		33DDF1B11FEF3E09004655C7 /* bomb.png in Resources */ = {isa = PBXBuildFile; fileRef = 33DDF1B01FEF3E09004655C7 /* bomb.png */; };
/* End PBXBuildFile section */

/* Begin PBXContainerItemProxy section */
		330ADA7C1F0DBEA4000FB584 /* PBXContainerItemProxy */ = {
			isa = PBXContainerItemProxy;
			containerPortal = 330ADA5C1F0DBEA4000FB584 /* Project object */;
			proxyType = 1;
			remoteGlobalIDString = 330ADA631F0DBEA4000FB584;
			remoteInfo = CarCrashComedy;
		};
		330ADA871F0DBEA4000FB584 /* PBXContainerItemProxy */ = {
			isa = PBXContainerItemProxy;
			containerPortal = 330ADA5C1F0DBEA4000FB584 /* Project object */;
			proxyType = 1;
			remoteGlobalIDString = 330ADA631F0DBEA4000FB584;
			remoteInfo = CarCrashComedy;
		};
/* End PBXContainerItemProxy section */

/* Begin PBXFileReference section */
		330ADA641F0DBEA4000FB584 /* CarCrashComedy.app */ = {isa = PBXFileReference; explicitFileType = wrapper.application; includeInIndex = 0; path = CarCrashComedy.app; sourceTree = BUILT_PRODUCTS_DIR; };
		330ADA671F0DBEA4000FB584 /* AppDelegate.swift */ = {isa = PBXFileReference; lastKnownFileType = sourcecode.swift; path = AppDelegate.swift; sourceTree = "<group>"; };
		330ADA691F0DBEA4000FB584 /* ViewController.swift */ = {isa = PBXFileReference; lastKnownFileType = sourcecode.swift; path = ViewController.swift; sourceTree = "<group>"; };
		330ADA6C1F0DBEA4000FB584 /* Base */ = {isa = PBXFileReference; lastKnownFileType = file.storyboard; name = Base; path = Base.lproj/Main.storyboard; sourceTree = "<group>"; };
		330ADA6F1F0DBEA4000FB584 /* CarCrashComedy.xcdatamodel */ = {isa = PBXFileReference; lastKnownFileType = wrapper.xcdatamodel; path = CarCrashComedy.xcdatamodel; sourceTree = "<group>"; };
		330ADA711F0DBEA4000FB584 /* Assets.xcassets */ = {isa = PBXFileReference; lastKnownFileType = folder.assetcatalog; path = Assets.xcassets; sourceTree = "<group>"; };
		330ADA741F0DBEA4000FB584 /* Base */ = {isa = PBXFileReference; lastKnownFileType = file.storyboard; name = Base; path = Base.lproj/LaunchScreen.storyboard; sourceTree = "<group>"; };
		330ADA761F0DBEA4000FB584 /* Info.plist */ = {isa = PBXFileReference; lastKnownFileType = text.plist.xml; path = Info.plist; sourceTree = "<group>"; };
		330ADA7B1F0DBEA4000FB584 /* CarCrashComedyTests.xctest */ = {isa = PBXFileReference; explicitFileType = wrapper.cfbundle; includeInIndex = 0; path = CarCrashComedyTests.xctest; sourceTree = BUILT_PRODUCTS_DIR; };
		330ADA7F1F0DBEA4000FB584 /* CarCrashComedyTests.swift */ = {isa = PBXFileReference; lastKnownFileType = sourcecode.swift; path = CarCrashComedyTests.swift; sourceTree = "<group>"; };
		330ADA811F0DBEA4000FB584 /* Info.plist */ = {isa = PBXFileReference; lastKnownFileType = text.plist.xml; path = Info.plist; sourceTree = "<group>"; };
		330ADA861F0DBEA4000FB584 /* CarCrashComedyUITests.xctest */ = {isa = PBXFileReference; explicitFileType = wrapper.cfbundle; includeInIndex = 0; path = CarCrashComedyUITests.xctest; sourceTree = BUILT_PRODUCTS_DIR; };
		330ADA8A1F0DBEA4000FB584 /* CarCrashComedyUITests.swift */ = {isa = PBXFileReference; lastKnownFileType = sourcecode.swift; path = CarCrashComedyUITests.swift; sourceTree = "<group>"; };
		330ADA8C1F0DBEA4000FB584 /* Info.plist */ = {isa = PBXFileReference; lastKnownFileType = text.plist.xml; path = Info.plist; sourceTree = "<group>"; };
		330ADA981F0DBF5F000FB584 /* car_crash.wav */ = {isa = PBXFileReference; lastKnownFileType = audio.wav; path = car_crash.wav; sourceTree = "<group>"; };
		3320658B1FEF4D8800872A80 /* o&alogo.png */ = {isa = PBXFileReference; lastKnownFileType = image.png; path = "o&alogo.png"; sourceTree = "<group>"; };
		33DDF1B01FEF3E09004655C7 /* bomb.png */ = {isa = PBXFileReference; lastKnownFileType = image.png; path = bomb.png; sourceTree = "<group>"; };
/* End PBXFileReference section */

/* Begin PBXFrameworksBuildPhase section */
		330ADA611F0DBEA4000FB584 /* Frameworks */ = {
			isa = PBXFrameworksBuildPhase;
			buildActionMask = 2147483647;
			files = (
			);
			runOnlyForDeploymentPostprocessing = 0;
		};
		330ADA781F0DBEA4000FB584 /* Frameworks */ = {
			isa = PBXFrameworksBuildPhase;
			buildActionMask = 2147483647;
			files = (
			);
			runOnlyForDeploymentPostprocessing = 0;
		};
		330ADA831F0DBEA4000FB584 /* Frameworks */ = {
			isa = PBXFrameworksBuildPhase;
			buildActionMask = 2147483647;
			files = (
			);
			runOnlyForDeploymentPostprocessing = 0;
		};
/* End PBXFrameworksBuildPhase section */

/* Begin PBXGroup section */
		330ADA5B1F0DBEA4000FB584 = {
			isa = PBXGroup;
			children = (
				330ADA661F0DBEA4000FB584 /* CarCrashComedy */,
				330ADA7E1F0DBEA4000FB584 /* CarCrashComedyTests */,
				330ADA891F0DBEA4000FB584 /* CarCrashComedyUITests */,
				330ADA651F0DBEA4000FB584 /* Products */,
				33DDF1B01FEF3E09004655C7 /* bomb.png */,
				3320658B1FEF4D8800872A80 /* o&alogo.png */,
				330ADA981F0DBF5F000FB584 /* car_crash.wav */,
			);
			sourceTree = "<group>";
		};
		330ADA651F0DBEA4000FB584 /* Products */ = {
			isa = PBXGroup;
			children = (
				330ADA641F0DBEA4000FB584 /* CarCrashComedy.app */,
				330ADA7B1F0DBEA4000FB584 /* CarCrashComedyTests.xctest */,
				330ADA861F0DBEA4000FB584 /* CarCrashComedyUITests.xctest */,
			);
			name = Products;
			sourceTree = "<group>";
		};
		330ADA661F0DBEA4000FB584 /* CarCrashComedy */ = {
			isa = PBXGroup;
			children = (
				330ADA671F0DBEA4000FB584 /* AppDelegate.swift */,
				330ADA691F0DBEA4000FB584 /* ViewController.swift */,
				330ADA6B1F0DBEA4000FB584 /* Main.storyboard */,
				330ADA711F0DBEA4000FB584 /* Assets.xcassets */,
				330ADA731F0DBEA4000FB584 /* LaunchScreen.storyboard */,
				330ADA761F0DBEA4000FB584 /* Info.plist */,
				330ADA6E1F0DBEA4000FB584 /* CarCrashComedy.xcdatamodeld */,
			);
			path = CarCrashComedy;
			sourceTree = "<group>";
		};
		330ADA7E1F0DBEA4000FB584 /* CarCrashComedyTests */ = {
			isa = PBXGroup;
			children = (
				330ADA7F1F0DBEA4000FB584 /* CarCrashComedyTests.swift */,
				330ADA811F0DBEA4000FB584 /* Info.plist */,
			);
			path = CarCrashComedyTests;
			sourceTree = "<group>";
		};
		330ADA891F0DBEA4000FB584 /* CarCrashComedyUITests */ = {
			isa = PBXGroup;
			children = (
				330ADA8A1F0DBEA4000FB584 /* CarCrashComedyUITests.swift */,
				330ADA8C1F0DBEA4000FB584 /* Info.plist */,
			);
			path = CarCrashComedyUITests;
			sourceTree = "<group>";
		};
/* End PBXGroup section */

/* Begin PBXNativeTarget section */
		330ADA631F0DBEA4000FB584 /* CarCrashComedy */ = {
			isa = PBXNativeTarget;
			buildConfigurationList = 330ADA8F1F0DBEA4000FB584 /* Build configuration list for PBXNativeTarget "CarCrashComedy" */;
			buildPhases = (
				330ADA601F0DBEA4000FB584 /* Sources */,
				330ADA611F0DBEA4000FB584 /* Frameworks */,
				330ADA621F0DBEA4000FB584 /* Resources */,
			);
			buildRules = (
			);
			dependencies = (
			);
			name = CarCrashComedy;
			productName = CarCrashComedy;
			productReference = 330ADA641F0DBEA4000FB584 /* CarCrashComedy.app */;
			productType = "com.apple.product-type.application";
		};
		330ADA7A1F0DBEA4000FB584 /* CarCrashComedyTests */ = {
			isa = PBXNativeTarget;
			buildConfigurationList = 330ADA921F0DBEA4000FB584 /* Build configuration list for PBXNativeTarget "CarCrashComedyTests" */;
			buildPhases = (
				330ADA771F0DBEA4000FB584 /* Sources */,
				330ADA781F0DBEA4000FB584 /* Frameworks */,
				330ADA791F0DBEA4000FB584 /* Resources */,
			);
			buildRules = (
			);
			dependencies = (
				330ADA7D1F0DBEA4000FB584 /* PBXTargetDependency */,
			);
			name = CarCrashComedyTests;
			productName = CarCrashComedyTests;
			productReference = 330ADA7B1F0DBEA4000FB584 /* CarCrashComedyTests.xctest */;
			productType = "com.apple.product-type.bundle.unit-test";
		};
		330ADA851F0DBEA4000FB584 /* CarCrashComedyUITests */ = {
			isa = PBXNativeTarget;
			buildConfigurationList = 330ADA951F0DBEA4000FB584 /* Build configuration list for PBXNativeTarget "CarCrashComedyUITests" */;
			buildPhases = (
				330ADA821F0DBEA4000FB584 /* Sources */,
				330ADA831F0DBEA4000FB584 /* Frameworks */,
				330ADA841F0DBEA4000FB584 /* Resources */,
			);
			buildRules = (
			);
			dependencies = (
				330ADA881F0DBEA4000FB584 /* PBXTargetDependency */,
			);
			name = CarCrashComedyUITests;
			productName = CarCrashComedyUITests;
			productReference = 330ADA861F0DBEA4000FB584 /* CarCrashComedyUITests.xctest */;
			productType = "com.apple.product-type.bundle.ui-testing";
		};
/* End PBXNativeTarget section */

/* Begin PBXProject section */
		330ADA5C1F0DBEA4000FB584 /* Project object */ = {
			isa = PBXProject;
			attributes = {
				LastSwiftUpdateCheck = 0830;
				LastUpgradeCheck = 0830;
				ORGANIZATIONNAME = Development;
				TargetAttributes = {
					330ADA631F0DBEA4000FB584 = {
						CreatedOnToolsVersion = 8.3.2;
						ProvisioningStyle = Automatic;
					};
					330ADA7A1F0DBEA4000FB584 = {
						CreatedOnToolsVersion = 8.3.2;
						ProvisioningStyle = Automatic;
						TestTargetID = 330ADA631F0DBEA4000FB584;
					};
					330ADA851F0DBEA4000FB584 = {
						CreatedOnToolsVersion = 8.3.2;
						ProvisioningStyle = Automatic;
						TestTargetID = 330ADA631F0DBEA4000FB584;
					};
				};
			};
			buildConfigurationList = 330ADA5F1F0DBEA4000FB584 /* Build configuration list for PBXProject "CarCrashComedy" */;
			compatibilityVersion = "Xcode 3.2";
			developmentRegion = English;
			hasScannedForEncodings = 0;
			knownRegions = (
				en,
				Base,
			);
			mainGroup = 330ADA5B1F0DBEA4000FB584;
			productRefGroup = 330ADA651F0DBEA4000FB584 /* Products */;
			projectDirPath = "";
			projectRoot = "";
			targets = (
				330ADA631F0DBEA4000FB584 /* CarCrashComedy */,
				330ADA7A1F0DBEA4000FB584 /* CarCrashComedyTests */,
				330ADA851F0DBEA4000FB584 /* CarCrashComedyUITests */,
			);
		};
/* End PBXProject section */

/* Begin PBXResourcesBuildPhase section */
		330ADA621F0DBEA4000FB584 /* Resources */ = {
			isa = PBXResourcesBuildPhase;
			buildActionMask = 2147483647;
			files = (
				330ADA751F0DBEA4000FB584 /* LaunchScreen.storyboard in Resources */,
				3320658C1FEF4D8800872A80 /* o&alogo.png in Resources */,
				33DDF1B11FEF3E09004655C7 /* bomb.png in Resources */,
				330ADA721F0DBEA4000FB584 /* Assets.xcassets in Resources */,
				330ADA6D1F0DBEA4000FB584 /* Main.storyboard in Resources */,
				330ADA991F0DBF5F000FB584 /* car_crash.wav in Resources */,
			);
			runOnlyForDeploymentPostprocessing = 0;
		};
		330ADA791F0DBEA4000FB584 /* Resources */ = {
			isa = PBXResourcesBuildPhase;
			buildActionMask = 2147483647;
			files = (
			);
			runOnlyForDeploymentPostprocessing = 0;
		};
		330ADA841F0DBEA4000FB584 /* Resources */ = {
			isa = PBXResourcesBuildPhase;
			buildActionMask = 2147483647;
			files = (
			);
			runOnlyForDeploymentPostprocessing = 0;
		};
/* End PBXResourcesBuildPhase section */

/* Begin PBXSourcesBuildPhase section */
		330ADA601F0DBEA4000FB584 /* Sources */ = {
			isa = PBXSourcesBuildPhase;
			buildActionMask = 2147483647;
			files = (
				330ADA6A1F0DBEA4000FB584 /* ViewController.swift in Sources */,
				330ADA701F0DBEA4000FB584 /* CarCrashComedy.xcdatamodeld in Sources */,
				330ADA681F0DBEA4000FB584 /* AppDelegate.swift in Sources */,
			);
			runOnlyForDeploymentPostprocessing = 0;
		};
		330ADA771F0DBEA4000FB584 /* Sources */ = {
			isa = PBXSourcesBuildPhase;
			buildActionMask = 2147483647;
			files = (
				330ADA801F0DBEA4000FB584 /* CarCrashComedyTests.swift in Sources */,
			);
			runOnlyForDeploymentPostprocessing = 0;
		};
		330ADA821F0DBEA4000FB584 /* Sources */ = {
			isa = PBXSourcesBuildPhase;
			buildActionMask = 2147483647;
			files = (
				330ADA8B1F0DBEA4000FB584 /* CarCrashComedyUITests.swift in Sources */,
			);
			runOnlyForDeploymentPostprocessing = 0;
		};
/* End PBXSourcesBuildPhase section */

/* Begin PBXTargetDependency section */
		330ADA7D1F0DBEA4000FB584 /* PBXTargetDependency */ = {
			isa = PBXTargetDependency;
			target = 330ADA631F0DBEA4000FB584 /* CarCrashComedy */;
			targetProxy = 330ADA7C1F0DBEA4000FB584 /* PBXContainerItemProxy */;
		};
		330ADA881F0DBEA4000FB584 /* PBXTargetDependency */ = {
			isa = PBXTargetDependency;
			target = 330ADA631F0DBEA4000FB584 /* CarCrashComedy */;
			targetProxy = 330ADA871F0DBEA4000FB584 /* PBXContainerItemProxy */;
		};
/* End PBXTargetDependency section */

/* Begin PBXVariantGroup section */
		330ADA6B1F0DBEA4000FB584 /* Main.storyboard */ = {
			isa = PBXVariantGroup;
			children = (
				330ADA6C1F0DBEA4000FB584 /* Base */,
			);
			name = Main.storyboard;
			sourceTree = "<group>";
		};
		330ADA731F0DBEA4000FB584 /* LaunchScreen.storyboard */ = {
			isa = PBXVariantGroup;
			children = (
				330ADA741F0DBEA4000FB584 /* Base */,
			);
			name = LaunchScreen.storyboard;
			sourceTree = "<group>";
		};
/* End PBXVariantGroup section */

/* Begin XCBuildConfiguration section */
		330ADA8D1F0DBEA4000FB584 /* Debug */ = {
			isa = XCBuildConfiguration;
			buildSettings = {
				ALWAYS_SEARCH_USER_PATHS = NO;
				CLANG_ANALYZER_NONNULL = YES;
				CLANG_ANALYZER_NUMBER_OBJECT_CONVERSION = YES_AGGRESSIVE;
				CLANG_CXX_LANGUAGE_STANDARD = "gnu++0x";
				CLANG_CXX_LIBRARY = "libc++";
				CLANG_ENABLE_MODULES = YES;
				CLANG_ENABLE_OBJC_ARC = YES;
				CLANG_WARN_BOOL_CONVERSION = YES;
				CLANG_WARN_CONSTANT_CONVERSION = YES;
				CLANG_WARN_DIRECT_OBJC_ISA_USAGE = YES_ERROR;
				CLANG_WARN_DOCUMENTATION_COMMENTS = YES;
				CLANG_WARN_EMPTY_BODY = YES;
				CLANG_WARN_ENUM_CONVERSION = YES;
				CLANG_WARN_INFINITE_RECURSION = YES;
				CLANG_WARN_INT_CONVERSION = YES;
				CLANG_WARN_OBJC_ROOT_CLASS = YES_ERROR;
				CLANG_WARN_SUSPICIOUS_MOVE = YES;
				CLANG_WARN_UNREACHABLE_CODE = YES;
				CLANG_WARN__DUPLICATE_METHOD_MATCH = YES;
				"CODE_SIGN_IDENTITY[sdk=iphoneos*]" = "iPhone Developer";
				COPY_PHASE_STRIP = NO;
				DEBUG_INFORMATION_FORMAT = dwarf;
				ENABLE_STRICT_OBJC_MSGSEND = YES;
				ENABLE_TESTABILITY = YES;
				GCC_C_LANGUAGE_STANDARD = gnu99;
				GCC_DYNAMIC_NO_PIC = NO;
				GCC_NO_COMMON_BLOCKS = YES;
				GCC_OPTIMIZATION_LEVEL = 0;
				GCC_PREPROCESSOR_DEFINITIONS = (
					"DEBUG=1",
					"$(inherited)",
				);
				GCC_WARN_64_TO_32_BIT_CONVERSION = YES;
				GCC_WARN_ABOUT_RETURN_TYPE = YES_ERROR;
				GCC_WARN_UNDECLARED_SELECTOR = YES;
				GCC_WARN_UNINITIALIZED_AUTOS = YES_AGGRESSIVE;
				GCC_WARN_UNUSED_FUNCTION = YES;
				GCC_WARN_UNUSED_VARIABLE = YES;
				IPHONEOS_DEPLOYMENT_TARGET = 10.3;
				MTL_ENABLE_DEBUG_INFO = YES;
				ONLY_ACTIVE_ARCH = YES;
				SDKROOT = iphoneos;
				SWIFT_ACTIVE_COMPILATION_CONDITIONS = DEBUG;
				SWIFT_OPTIMIZATION_LEVEL = "-Onone";
				TARGETED_DEVICE_FAMILY = "1,2";
			};
			name = Debug;
		};
		330ADA8E1F0DBEA4000FB584 /* Release */ = {
			isa = XCBuildConfiguration;
			buildSettings = {
				ALWAYS_SEARCH_USER_PATHS = NO;
				CLANG_ANALYZER_NONNULL = YES;
				CLANG_ANALYZER_NUMBER_OBJECT_CONVERSION = YES_AGGRESSIVE;
				CLANG_CXX_LANGUAGE_STANDARD = "gnu++0x";
				CLANG_CXX_LIBRARY = "libc++";
				CLANG_ENABLE_MODULES = YES;
				CLANG_ENABLE_OBJC_ARC = YES;
				CLANG_WARN_BOOL_CONVERSION = YES;
				CLANG_WARN_CONSTANT_CONVERSION = YES;
				CLANG_WARN_DIRECT_OBJC_ISA_USAGE = YES_ERROR;
				CLANG_WARN_DOCUMENTATION_COMMENTS = YES;
				CLANG_WARN_EMPTY_BODY = YES;
				CLANG_WARN_ENUM_CONVERSION = YES;
				CLANG_WARN_INFINITE_RECURSION = YES;
				CLANG_WARN_INT_CONVERSION = YES;
				CLANG_WARN_OBJC_ROOT_CLASS = YES_ERROR;
				CLANG_WARN_SUSPICIOUS_MOVE = YES;
				CLANG_WARN_UNREACHABLE_CODE = YES;
				CLANG_WARN__DUPLICATE_METHOD_MATCH = YES;
				"CODE_SIGN_IDENTITY[sdk=iphoneos*]" = "iPhone Developer";
				COPY_PHASE_STRIP = NO;
				DEBUG_INFORMATION_FORMAT = "dwarf-with-dsym";
				ENABLE_NS_ASSERTIONS = NO;
				ENABLE_STRICT_OBJC_MSGSEND = YES;
				GCC_C_LANGUAGE_STANDARD = gnu99;
				GCC_NO_COMMON_BLOCKS = YES;
				GCC_WARN_64_TO_32_BIT_CONVERSION = YES;
				GCC_WARN_ABOUT_RETURN_TYPE = YES_ERROR;
				GCC_WARN_UNDECLARED_SELECTOR = YES;
				GCC_WARN_UNINITIALIZED_AUTOS = YES_AGGRESSIVE;
				GCC_WARN_UNUSED_FUNCTION = YES;
				GCC_WARN_UNUSED_VARIABLE = YES;
				IPHONEOS_DEPLOYMENT_TARGET = 10.3;
				MTL_ENABLE_DEBUG_INFO = NO;
				SDKROOT = iphoneos;
				SWIFT_OPTIMIZATION_LEVEL = "-Owholemodule";
				TARGETED_DEVICE_FAMILY = "1,2";
				VALIDATE_PRODUCT = YES;
			};
			name = Release;
		};
		330ADA901F0DBEA4000FB584 /* Debug */ = {
			isa = XCBuildConfiguration;
			buildSettings = {
				ASSETCATALOG_COMPILER_APPICON_NAME = AppIcon;
				INFOPLIST_FILE = CarCrashComedy/Info.plist;
				LD_RUNPATH_SEARCH_PATHS = "$(inherited) @executable_path/Frameworks";
				PRODUCT_BUNDLE_IDENTIFIER = Development.CarCrashComedy;
				PRODUCT_NAME = "$(TARGET_NAME)";
				SWIFT_VERSION = 3.0;
			};
			name = Debug;
		};
		330ADA911F0DBEA4000FB584 /* Release */ = {
			isa = XCBuildConfiguration;
			buildSettings = {
				ASSETCATALOG_COMPILER_APPICON_NAME = AppIcon;
				INFOPLIST_FILE = CarCrashComedy/Info.plist;
				LD_RUNPATH_SEARCH_PATHS = "$(inherited) @executable_path/Frameworks";
				PRODUCT_BUNDLE_IDENTIFIER = Development.CarCrashComedy;
				PRODUCT_NAME = "$(TARGET_NAME)";
				SWIFT_VERSION = 3.0;
			};
			name = Release;
		};
		330ADA931F0DBEA4000FB584 /* Debug */ = {
			isa = XCBuildConfiguration;
			buildSettings = {
				ALWAYS_EMBED_SWIFT_STANDARD_LIBRARIES = YES;
				BUNDLE_LOADER = "$(TEST_HOST)";
				INFOPLIST_FILE = CarCrashComedyTests/Info.plist;
				LD_RUNPATH_SEARCH_PATHS = "$(inherited) @executable_path/Frameworks @loader_path/Frameworks";
				PRODUCT_BUNDLE_IDENTIFIER = Development.CarCrashComedyTests;
				PRODUCT_NAME = "$(TARGET_NAME)";
				SWIFT_VERSION = 3.0;
				TEST_HOST = "$(BUILT_PRODUCTS_DIR)/CarCrashComedy.app/CarCrashComedy";
			};
			name = Debug;
		};
		330ADA941F0DBEA4000FB584 /* Release */ = {
			isa = XCBuildConfiguration;
			buildSettings = {
				ALWAYS_EMBED_SWIFT_STANDARD_LIBRARIES = YES;
				BUNDLE_LOADER = "$(TEST_HOST)";
				INFOPLIST_FILE = CarCrashComedyTests/Info.plist;
				LD_RUNPATH_SEARCH_PATHS = "$(inherited) @executable_path/Frameworks @loader_path/Frameworks";
				PRODUCT_BUNDLE_IDENTIFIER = Development.CarCrashComedyTests;
				PRODUCT_NAME = "$(TARGET_NAME)";
				SWIFT_VERSION = 3.0;
				TEST_HOST = "$(BUILT_PRODUCTS_DIR)/CarCrashComedy.app/CarCrashComedy";
			};
			name = Release;
		};
		330ADA961F0DBEA4000FB584 /* Debug */ = {
			isa = XCBuildConfiguration;
			buildSettings = {
				ALWAYS_EMBED_SWIFT_STANDARD_LIBRARIES = YES;
				INFOPLIST_FILE = CarCrashComedyUITests/Info.plist;
				LD_RUNPATH_SEARCH_PATHS = "$(inherited) @executable_path/Frameworks @loader_path/Frameworks";
				PRODUCT_BUNDLE_IDENTIFIER = Development.CarCrashComedyUITests;
				PRODUCT_NAME = "$(TARGET_NAME)";
				SWIFT_VERSION = 3.0;
				TEST_TARGET_NAME = CarCrashComedy;
			};
			name = Debug;
		};
		330ADA971F0DBEA4000FB584 /* Release */ = {
			isa = XCBuildConfiguration;
			buildSettings = {
				ALWAYS_EMBED_SWIFT_STANDARD_LIBRARIES = YES;
				INFOPLIST_FILE = CarCrashComedyUITests/Info.plist;
				LD_RUNPATH_SEARCH_PATHS = "$(inherited) @executable_path/Frameworks @loader_path/Frameworks";
				PRODUCT_BUNDLE_IDENTIFIER = Development.CarCrashComedyUITests;
				PRODUCT_NAME = "$(TARGET_NAME)";
				SWIFT_VERSION = 3.0;
				TEST_TARGET_NAME = CarCrashComedy;
			};
			name = Release;
		};
/* End XCBuildConfiguration section */

/* Begin XCConfigurationList section */
		330ADA5F1F0DBEA4000FB584 /* Build configuration list for PBXProject "CarCrashComedy" */ = {
			isa = XCConfigurationList;
			buildConfigurations = (
				330ADA8D1F0DBEA4000FB584 /* Debug */,
				330ADA8E1F0DBEA4000FB584 /* Release */,
			);
			defaultConfigurationIsVisible = 0;
			defaultConfigurationName = Release;
		};
		330ADA8F1F0DBEA4000FB584 /* Build configuration list for PBXNativeTarget "CarCrashComedy" */ = {
			isa = XCConfigurationList;
			buildConfigurations = (
				330ADA901F0DBEA4000FB584 /* Debug */,
				330ADA911F0DBEA4000FB584 /* Release */,
			);
			defaultConfigurationIsVisible = 0;
			defaultConfigurationName = Release;
		};
		330ADA921F0DBEA4000FB584 /* Build configuration list for PBXNativeTarget "CarCrashComedyTests" */ = {
			isa = XCConfigurationList;
			buildConfigurations = (
				330ADA931F0DBEA4000FB584 /* Debug */,
				330ADA941F0DBEA4000FB584 /* Release */,
			);
			defaultConfigurationIsVisible = 0;
			defaultConfigurationName = Release;
		};
		330ADA951F0DBEA4000FB584 /* Build configuration list for PBXNativeTarget "CarCrashComedyUITests" */ = {
			isa = XCConfigurationList;
			buildConfigurations = (
				330ADA961F0DBEA4000FB584 /* Debug */,
				330ADA971F0DBEA4000FB584 /* Release */,
			);
			defaultConfigurationIsVisible = 0;
			defaultConfigurationName = Release;
		};
/* End XCConfigurationList section */

/* Begin XCVersionGroup section */
		330ADA6E1F0DBEA4000FB584 /* CarCrashComedy.xcdatamodeld */ = {
			isa = XCVersionGroup;
			children = (
				330ADA6F1F0DBEA4000FB584 /* CarCrashComedy.xcdatamodel */,
			);
			currentVersion = 330ADA6F1F0DBEA4000FB584 /* CarCrashComedy.xcdatamodel */;
			path = CarCrashComedy.xcdatamodeld;
			sourceTree = "<group>";
			versionGroupType = wrapper.xcdatamodel;
		};
/* End XCVersionGroup section */
	};
	rootObject = 330ADA5C1F0DBEA4000FB584 /* Project object */;
}
